
Microsoft Visual Studio Solution File, Format Version 12.00
# Visual Studio Version 17
VisualStudioVersion = 17.14.36109.1 d17.14
MinimumVisualStudioVersion = 10.0.40219.1
Project("{FAE04EC0-301F-11D3-BF4B-00C04F79EFBC}") = "learningapp", "learningapp\learningapp.csproj", "{EF4ACB3A-7462-498E-81AC-3B116945EC5A}"
EndProject
Global
	GlobalSection(SolutionConfigurationPlatforms) = preSolution
		Debug|Any CPU = Debug|Any CPU
		Release|Any CPU = Release|Any CPU
	EndGlobalSection
	GlobalSection(ProjectConfigurationPlatforms) = postSolution
		{EF4ACB3A-7462-498E-81AC-3B116945EC5A}.Debug|Any CPU.ActiveCfg = Debug|Any CPU
		{EF4ACB3A-7462-498E-81AC-3B116945EC5A}.Debug|Any CPU.Build.0 = Debug|Any CPU
		{EF4ACB3A-7462-498E-81AC-3B116945EC5A}.Release|Any CPU.ActiveCfg = Release|Any CPU
		{EF4ACB3A-7462-498E-81AC-3B116945EC5A}.Release|Any CPU.Build.0 = Release|Any CPU
	EndGlobalSection
	GlobalSection(SolutionProperties) = preSolution
		HideSolutionNode = FALSE
	EndGlobalSection
	GlobalSection(ExtensibilityGlobals) = postSolution
		SolutionGuid = {E072840B-1B06-45E6-9A1B-0E8B58055075}
	EndGlobalSection
EndGlobal
